github.com/hugo-toha/toha/v4 v4.4.1-0.20240425113647-5b1248da4d04 h1:/E5grwDB7FTzwBTbj1nvwBOR2HG3miVePe8clJlauWw=
github.com/hugo-toha/toha/v4 v4.4.1-0.20240425113647-5b1248da4d04/go.mod h1:p/K34lqlqmhzfPd4cx66od7sjlROBqhMxG30mJz+aKQ=
github.com/hugo-toha/toha/v4 v4.4.1-0.20240510202123-a959cb174de6 h1:f0wW2Y/+A06+8hexwPOvc3oMiyGpTLezf5kBQiii8Kg=
github.com/hugo-toha/toha/v4 v4.4.1-0.20240510202123-a959cb174de6/go.mod h1:p/K34lqlqmhzfPd4cx66od7sjlROBqhMxG30mJz+aKQ=
