github.com/hugo-toha/toha/v4 v4.0.0-20230928222719-6dc9d1d33db8 h1:9EEY0tMgzf0NEKRYdtc+WwrG6FMolQuQIPujzdh3++M=
github.com/hugo-toha/toha/v4 v4.0.0-20230928222719-6dc9d1d33db8/go.mod h1:p/K34lqlqmhzfPd4cx66od7sjlROBqhMxG30mJz+aKQ=
github.com/hugo-toha/toha/v4 v4.0.0-20230929230448-5f0aebcf6842 h1:WXIgg+D6DzPuahhVBoL4ytm/+mgyxAjnDSv24jzmQAY=
github.com/hugo-toha/toha/v4 v4.0.0-20230929230448-5f0aebcf6842/go.mod h1:p/K34lqlqmhzfPd4cx66od7sjlROBqhMxG30mJz+aKQ=
github.com/hugo-toha/toha/v4 v4.0.0-20230929231747-c943f39617c1 h1:iPPEerrlIaBH5TvkQSQ71Rg09C5GvGVodM0WOiipUcc=
github.com/hugo-toha/toha/v4 v4.0.0-20230929231747-c943f39617c1/go.mod h1:p/K34lqlqmhzfPd4cx66od7sjlROBqhMxG30mJz+aKQ=
github.com/hugo-toha/toha/v4 v4.0.0-20231006193257-e8f8f3b22b76 h1:tdFPiwCPgQvOR/4CINRu8MRFfV8dg4wJtdRL8ky3Iz8=
github.com/hugo-toha/toha/v4 v4.0.0-20231006193257-e8f8f3b22b76/go.mod h1:p/K34lqlqmhzfPd4cx66od7sjlROBqhMxG30mJz+aKQ=
github.com/hugo-toha/toha/v4 v4.0.0-20231020202026-69611695e7e3 h1:SOiejz6dJw2jm+MBDKrznDKVWpPPXMe2YUqin9BY6Ek=
github.com/hugo-toha/toha/v4 v4.0.0-20231020202026-69611695e7e3/go.mod h1:p/K34lqlqmhzfPd4cx66od7sjlROBqhMxG30mJz+aKQ=
github.com/hugo-toha/toha/v4 v4.0.0-20231031071528-05c9d3d850b2 h1:EkR94Ztv1Ao+iEP0e5Vk/GRmZvhAjSHzjsMOXBaK3Ak=
github.com/hugo-toha/toha/v4 v4.0.0-20231031071528-05c9d3d850b2/go.mod h1:p/K34lqlqmhzfPd4cx66od7sjlROBqhMxG30mJz+aKQ=
github.com/hugo-toha/toha/v4 v4.0.0-20231031082454-cd2546d4e8ea h1:CCJ4JjZFHNWx8jLG8BQDx6Yf6pLbXY09LKgJdcUI3zc=
github.com/hugo-toha/toha/v4 v4.0.0-20231031082454-cd2546d4e8ea/go.mod h1:p/K34lqlqmhzfPd4cx66od7sjlROBqhMxG30mJz+aKQ=
github.com/hugo-toha/toha/v4 v4.0.0-20231206184850-bb9fec2e5d53 h1:sKr2HLVq1b3aFsgiXDUTneqBNnsakm0xCnxrqEFi/Oo=
github.com/hugo-toha/toha/v4 v4.0.0-20231206184850-bb9fec2e5d53/go.mod h1:p/K34lqlqmhzfPd4cx66od7sjlROBqhMxG30mJz+aKQ=
github.com/hugo-toha/toha/v4 v4.0.0 h1:rOiQeXzppzBLslTcQ1q2cqtz4KrjvYsrEVAHClbnsU8=
github.com/hugo-toha/toha/v4 v4.0.0/go.mod h1:p/K34lqlqmhzfPd4cx66od7sjlROBqhMxG30mJz+aKQ=
